{
  "name": "esm-demo",
  "version": "1.0.0",
  "lockfileVersion": 1,
  "requires": true,
  "dependencies": {
    "@std/esm": {
      "version": "0.1.1",
      "resolved": "https://registry.npmjs.org/@std/esm/-/esm-0.1.1.tgz",
      "integrity": "sha512-fzmgPfPmA3qBpQhcWhTA9xbOlaecR4h9pZgih8LzWdFacifh5rw4uZOAJS/ijPjNJDhip5smzjR7nqR4+SPoeQ=="
    }
  }
}
